// !$*UTF8*$!
{
	archiveVersion = 1;
	classes = {
	};
	objectVersion = 50;
	objects = {

/* Begin PBXBuildFile section */
		6B836CED21ECFE39009DCE4D /* AppDelegate.swift in Sources */ = {isa = PBXBuildFile; fileRef = 6B836CEC21ECFE39009DCE4D /* AppDelegate.swift */; };
		6B836CEF21ECFE39009DCE4D /* MainViewController.swift in Sources */ = {isa = PBXBuildFile; fileRef = 6B836CEE21ECFE39009DCE4D /* MainViewController.swift */; };
		6B836CF221ECFE39009DCE4D /* Main.storyboard in Resources */ = {isa = PBXBuildFile; fileRef = 6B836CF021ECFE39009DCE4D /* Main.storyboard */; };
		6B836CF421ECFE3A009DCE4D /* Assets.xcassets in Resources */ = {isa = PBXBuildFile; fileRef = 6B836CF321ECFE3A009DCE4D /* Assets.xcassets */; };
		6B836CF721ECFE3A009DCE4D /* LaunchScreen.storyboard in Resources */ = {isa = PBXBuildFile; fileRef = 6B836CF521ECFE3A009DCE4D /* LaunchScreen.storyboard */; };
		6B836CFF21ECFF02009DCE4D /* Restaurant.swift in Sources */ = {isa = PBXBuildFile; fileRef = 6B836CFE21ECFF02009DCE4D /* Restaurant.swift */; };
		6BBCEDFF21ED23640024DED3 /* DetailViewController.swift in Sources */ = {isa = PBXBuildFile; fileRef = 6BBCEDFE21ED23640024DED3 /* DetailViewController.swift */; };
/* End PBXBuildFile section */

/* Begin PBXFileReference section */
		6B836CE921ECFE39009DCE4D /* SearchViewController.app */ = {isa = PBXFileReference; explicitFileType = wrapper.application; includeInIndex = 0; path = SearchViewController.app; sourceTree = BUILT_PRODUCTS_DIR; };
		6B836CEC21ECFE39009DCE4D /* AppDelegate.swift */ = {isa = PBXFileReference; lastKnownFileType = sourcecode.swift; path = AppDelegate.swift; sourceTree = "<group>"; };
		6B836CEE21ECFE39009DCE4D /* MainViewController.swift */ = {isa = PBXFileReference; lastKnownFileType = sourcecode.swift; path = MainViewController.swift; sourceTree = "<group>"; };
		6B836CF121ECFE39009DCE4D /* Base */ = {isa = PBXFileReference; lastKnownFileType = file.storyboard; name = Base; path = Base.lproj/Main.storyboard; sourceTree = "<group>"; };
		6B836CF321ECFE3A009DCE4D /* Assets.xcassets */ = {isa = PBXFileReference; lastKnownFileType = folder.assetcatalog; path = Assets.xcassets; sourceTree = "<group>"; };
		6B836CF621ECFE3A009DCE4D /* Base */ = {isa = PBXFileReference; lastKnownFileType = file.storyboard; name = Base; path = Base.lproj/LaunchScreen.storyboard; sourceTree = "<group>"; };
		6B836CF821ECFE3A009DCE4D /* Info.plist */ = {isa = PBXFileReference; lastKnownFileType = text.plist.xml; path = Info.plist; sourceTree = "<group>"; };
		6B836CFE21ECFF02009DCE4D /* Restaurant.swift */ = {isa = PBXFileReference; lastKnownFileType = sourcecode.swift; path = Restaurant.swift; sourceTree = "<group>"; };
		6BBCEDFE21ED23640024DED3 /* DetailViewController.swift */ = {isa = PBXFileReference; lastKnownFileType = sourcecode.swift; path = DetailViewController.swift; sourceTree = "<group>"; };
/* End PBXFileReference section */

/* Begin PBXFrameworksBuildPhase section */
		6B836CE621ECFE39009DCE4D /* Frameworks */ = {
			isa = PBXFrameworksBuildPhase;
			buildActionMask = 2147483647;
			files = (
			);
			runOnlyForDeploymentPostprocessing = 0;
		};
/* End PBXFrameworksBuildPhase section */

/* Begin PBXGroup section */
		6B836CE021ECFE38009DCE4D = {
			isa = PBXGroup;
			children = (
				6B836CEB21ECFE39009DCE4D /* SearchViewController */,
				6B836CEA21ECFE39009DCE4D /* Products */,
			);
			sourceTree = "<group>";
		};
		6B836CEA21ECFE39009DCE4D /* Products */ = {
			isa = PBXGroup;
			children = (
				6B836CE921ECFE39009DCE4D /* SearchViewController.app */,
			);
			name = Products;
			sourceTree = "<group>";
		};
		6B836CEB21ECFE39009DCE4D /* SearchViewController */ = {
			isa = PBXGroup;
			children = (
				6B836CEC21ECFE39009DCE4D /* AppDelegate.swift */,
				6B836CEE21ECFE39009DCE4D /* MainViewController.swift */,
				6BBCEDFE21ED23640024DED3 /* DetailViewController.swift */,
				6B836CFE21ECFF02009DCE4D /* Restaurant.swift */,
				6B836CF021ECFE39009DCE4D /* Main.storyboard */,
				6B836CF321ECFE3A009DCE4D /* Assets.xcassets */,
				6B836CF521ECFE3A009DCE4D /* LaunchScreen.storyboard */,
				6B836CF821ECFE3A009DCE4D /* Info.plist */,
			);
			path = SearchViewController;
			sourceTree = "<group>";
		};
/* End PBXGroup section */

/* Begin PBXNativeTarget section */
		6B836CE821ECFE39009DCE4D /* SearchViewController */ = {
			isa = PBXNativeTarget;
			buildConfigurationList = 6B836CFB21ECFE3A009DCE4D /* Build configuration list for PBXNativeTarget "SearchViewController" */;
			buildPhases = (
				6B836CE521ECFE39009DCE4D /* Sources */,
				6B836CE621ECFE39009DCE4D /* Frameworks */,
				6B836CE721ECFE39009DCE4D /* Resources */,
			);
			buildRules = (
			);
			dependencies = (
			);
			name = SearchViewController;
			productName = SearchViewController;
			productReference = 6B836CE921ECFE39009DCE4D /* SearchViewController.app */;
			productType = "com.apple.product-type.application";
		};
/* End PBXNativeTarget section */

/* Begin PBXProject section */
		6B836CE121ECFE39009DCE4D /* Project object */ = {
			isa = PBXProject;
			attributes = {
				LastSwiftUpdateCheck = 1010;
				LastUpgradeCheck = 1010;
				ORGANIZATIONNAME = kabishau;
				TargetAttributes = {
					6B836CE821ECFE39009DCE4D = {
						CreatedOnToolsVersion = 10.1;
					};
				};
			};
			buildConfigurationList = 6B836CE421ECFE39009DCE4D /* Build configuration list for PBXProject "SearchViewController" */;
			compatibilityVersion = "Xcode 9.3";
			developmentRegion = en;
			hasScannedForEncodings = 0;
			knownRegions = (
				en,
				Base,
			);
			mainGroup = 6B836CE021ECFE38009DCE4D;
			productRefGroup = 6B836CEA21ECFE39009DCE4D /* Products */;
			projectDirPath = "";
			projectRoot = "";
			targets = (
				6B836CE821ECFE39009DCE4D /* SearchViewController */,
			);
		};
/* End PBXProject section */

/* Begin PBXResourcesBuildPhase section */
		6B836CE721ECFE39009DCE4D /* Resources */ = {
			isa = PBXResourcesBuildPhase;
			buildActionMask = 2147483647;
			files = (
				6B836CF721ECFE3A009DCE4D /* LaunchScreen.storyboard in Resources */,
				6B836CF421ECFE3A009DCE4D /* Assets.xcassets in Resources */,
				6B836CF221ECFE39009DCE4D /* Main.storyboard in Resources */,
			);
			runOnlyForDeploymentPostprocessing = 0;
		};
/* End PBXResourcesBuildPhase section */

/* Begin PBXSourcesBuildPhase section */
		6B836CE521ECFE39009DCE4D /* Sources */ = {
			isa = PBXSourcesBuildPhase;
			buildActionMask = 2147483647;
			files = (
				6B836CEF21ECFE39009DCE4D /* MainViewController.swift in Sources */,
				6B836CED21ECFE39009DCE4D /* AppDelegate.swift in Sources */,
				6B836CFF21ECFF02009DCE4D /* Restaurant.swift in Sources */,
				6BBCEDFF21ED23640024DED3 /* DetailViewController.swift in Sources */,
			);
			runOnlyForDeploymentPostprocessing = 0;
		};
/* End PBXSourcesBuildPhase section */

/* Begin PBXVariantGroup section */
		6B836CF021ECFE39009DCE4D /* Main.storyboard */ = {
			isa = PBXVariantGroup;
			children = (
				6B836CF121ECFE39009DCE4D /* Base */,
			);
			name = Main.storyboard;
			sourceTree = "<group>";
		};
		6B836CF521ECFE3A009DCE4D /* LaunchScreen.storyboard */ = {
			isa = PBXVariantGroup;
			children = (
				6B836CF621ECFE3A009DCE4D /* Base */,
			);
			name = LaunchScreen.storyboard;
			sourceTree = "<group>";
		};
/* End PBXVariantGroup section */

/* Begin XCBuildConfiguration section */
		6B836CF921ECFE3A009DCE4D /* Debug */ = {
			isa = XCBuildConfiguration;
			buildSettings = {
				ALWAYS_SEARCH_USER_PATHS = NO;
				CLANG_ANALYZER_NONNULL = YES;
				CLANG_ANALYZER_NUMBER_OBJECT_CONVERSION = YES_AGGRESSIVE;
				CLANG_CXX_LANGUAGE_STANDARD = "gnu++14";
				CLANG_CXX_LIBRARY = "libc++";
				CLANG_ENABLE_MODULES = YES;
				CLANG_ENABLE_OBJC_ARC = YES;
				CLANG_ENABLE_OBJC_WEAK = YES;
				CLANG_WARN_BLOCK_CAPTURE_AUTORELEASING = YES;
				CLANG_WARN_BOOL_CONVERSION = YES;
				CLANG_WARN_COMMA = YES;
				CLANG_WARN_CONSTANT_CONVERSION = YES;
				CLANG_WARN_DEPRECATED_OBJC_IMPLEMENTATIONS = YES;
				CLANG_WARN_DIRECT_OBJC_ISA_USAGE = YES_ERROR;
				CLANG_WARN_DOCUMENTATION_COMMENTS = YES;
				CLANG_WARN_EMPTY_BODY = YES;
				CLANG_WARN_ENUM_CONVERSION = YES;
				CLANG_WARN_INFINITE_RECURSION = YES;
				CLANG_WARN_INT_CONVERSION = YES;
				CLANG_WARN_NON_LITERAL_NULL_CONVERSION = YES;
				CLANG_WARN_OBJC_IMPLICIT_RETAIN_SELF = YES;
				CLANG_WARN_OBJC_LITERAL_CONVERSION = YES;
				CLANG_WARN_OBJC_ROOT_CLASS = YES_ERROR;
				CLANG_WARN_RANGE_LOOP_ANALYSIS = YES;
				CLANG_WARN_STRICT_PROTOTYPES = YES;
				CLANG_WARN_SUSPICIOUS_MOVE = YES;
				CLANG_WARN_UNGUARDED_AVAILABILITY = YES_AGGRESSIVE;
				CLANG_WARN_UNREACHABLE_CODE = YES;
				CLANG_WARN__DUPLICATE_METHOD_MATCH = YES;
				CODE_SIGN_IDENTITY = "iPhone Developer";
				COPY_PHASE_STRIP = NO;
				DEBUG_INFORMATION_FORMAT = dwarf;
				ENABLE_STRICT_OBJC_MSGSEND = YES;
				ENABLE_TESTABILITY = YES;
				GCC_C_LANGUAGE_STANDARD = gnu11;
				GCC_DYNAMIC_NO_PIC = NO;
				GCC_NO_COMMON_BLOCKS = YES;
				GCC_OPTIMIZATION_LEVEL = 0;
				GCC_PREPROCESSOR_DEFINITIONS = (
					"DEBUG=1",
					"$(inherited)",
				);
				GCC_WARN_64_TO_32_BIT_CONVERSION = YES;
				GCC_WARN_ABOUT_RETURN_TYPE = YES_ERROR;
				GCC_WARN_UNDECLARED_SELECTOR = YES;
				GCC_WARN_UNINITIALIZED_AUTOS = YES_AGGRESSIVE;
				GCC_WARN_UNUSED_FUNCTION = YES;
				GCC_WARN_UNUSED_VARIABLE = YES;
				IPHONEOS_DEPLOYMENT_TARGET = 12.1;
				MTL_ENABLE_DEBUG_INFO = INCLUDE_SOURCE;
				MTL_FAST_MATH = YES;
				ONLY_ACTIVE_ARCH = YES;
				SDKROOT = iphoneos;
				SWIFT_ACTIVE_COMPILATION_CONDITIONS = DEBUG;
				SWIFT_OPTIMIZATION_LEVEL = "-Onone";
			};
			name = Debug;
		};
		6B836CFA21ECFE3A009DCE4D /* Release */ = {
			isa = XCBuildConfiguration;
			buildSettings = {
				ALWAYS_SEARCH_USER_PATHS = NO;
				CLANG_ANALYZER_NONNULL = YES;
				CLANG_ANALYZER_NUMBER_OBJECT_CONVERSION = YES_AGGRESSIVE;
				CLANG_CXX_LANGUAGE_STANDARD = "gnu++14";
				CLANG_CXX_LIBRARY = "libc++";
				CLANG_ENABLE_MODULES = YES;
				CLANG_ENABLE_OBJC_ARC = YES;
				CLANG_ENABLE_OBJC_WEAK = YES;
				CLANG_WARN_BLOCK_CAPTURE_AUTORELEASING = YES;
				CLANG_WARN_BOOL_CONVERSION = YES;
				CLANG_WARN_COMMA = YES;
				CLANG_WARN_CONSTANT_CONVERSION = YES;
				CLANG_WARN_DEPRECATED_OBJC_IMPLEMENTATIONS = YES;
				CLANG_WARN_DIRECT_OBJC_ISA_USAGE = YES_ERROR;
				CLANG_WARN_DOCUMENTATION_COMMENTS = YES;
				CLANG_WARN_EMPTY_BODY = YES;
				CLANG_WARN_ENUM_CONVERSION = YES;
				CLANG_WARN_INFINITE_RECURSION = YES;
				CLANG_WARN_INT_CONVERSION = YES;
				CLANG_WARN_NON_LITERAL_NULL_CONVERSION = YES;
				CLANG_WARN_OBJC_IMPLICIT_RETAIN_SELF = YES;
				CLANG_WARN_OBJC_LITERAL_CONVERSION = YES;
				CLANG_WARN_OBJC_ROOT_CLASS = YES_ERROR;
				CLANG_WARN_RANGE_LOOP_ANALYSIS = YES;
				CLANG_WARN_STRICT_PROTOTYPES = YES;
				CLANG_WARN_SUSPICIOUS_MOVE = YES;
				CLANG_WARN_UNGUARDED_AVAILABILITY = YES_AGGRESSIVE;
				CLANG_WARN_UNREACHABLE_CODE = YES;
				CLANG_WARN__DUPLICATE_METHOD_MATCH = YES;
				CODE_SIGN_IDENTITY = "iPhone Developer";
				COPY_PHASE_STRIP = NO;
				DEBUG_INFORMATION_FORMAT = "dwarf-with-dsym";
				ENABLE_NS_ASSERTIONS = NO;
				ENABLE_STRICT_OBJC_MSGSEND = YES;
				GCC_C_LANGUAGE_STANDARD = gnu11;
				GCC_NO_COMMON_BLOCKS = YES;
				GCC_WARN_64_TO_32_BIT_CONVERSION = YES;
				GCC_WARN_ABOUT_RETURN_TYPE = YES_ERROR;
				GCC_WARN_UNDECLARED_SELECTOR = YES;
				GCC_WARN_UNINITIALIZED_AUTOS = YES_AGGRESSIVE;
				GCC_WARN_UNUSED_FUNCTION = YES;
				GCC_WARN_UNUSED_VARIABLE = YES;
				IPHONEOS_DEPLOYMENT_TARGET = 12.1;
				MTL_ENABLE_DEBUG_INFO = NO;
				MTL_FAST_MATH = YES;
				SDKROOT = iphoneos;
				SWIFT_COMPILATION_MODE = wholemodule;
				SWIFT_OPTIMIZATION_LEVEL = "-O";
				VALIDATE_PRODUCT = YES;
			};
			name = Release;
		};
		6B836CFC21ECFE3A009DCE4D /* Debug */ = {
			isa = XCBuildConfiguration;
			buildSettings = {
				ASSETCATALOG_COMPILER_APPICON_NAME = AppIcon;
				CODE_SIGN_STYLE = Automatic;
				DEVELOPMENT_TEAM = VGW2M4R8BY;
				INFOPLIST_FILE = SearchViewController/Info.plist;
				LD_RUNPATH_SEARCH_PATHS = (
					"$(inherited)",
					"@executable_path/Frameworks",
				);
				PRODUCT_BUNDLE_IDENTIFIER = com.kabishau.SearchViewController;
				PRODUCT_NAME = "$(TARGET_NAME)";
				SWIFT_VERSION = 4.2;
				TARGETED_DEVICE_FAMILY = "1,2";
			};
			name = Debug;
		};
		6B836CFD21ECFE3A009DCE4D /* Release */ = {
			isa = XCBuildConfiguration;
			buildSettings = {
				ASSETCATALOG_COMPILER_APPICON_NAME = AppIcon;
				CODE_SIGN_STYLE = Automatic;
				DEVELOPMENT_TEAM = VGW2M4R8BY;
				INFOPLIST_FILE = SearchViewController/Info.plist;
				LD_RUNPATH_SEARCH_PATHS = (
					"$(inherited)",
					"@executable_path/Frameworks",
				);
				PRODUCT_BUNDLE_IDENTIFIER = com.kabishau.SearchViewController;
				PRODUCT_NAME = "$(TARGET_NAME)";
				SWIFT_VERSION = 4.2;
				TARGETED_DEVICE_FAMILY = "1,2";
			};
			name = Release;
		};
/* End XCBuildConfiguration section */

/* Begin XCConfigurationList section */
		6B836CE421ECFE39009DCE4D /* Build configuration list for PBXProject "SearchViewController" */ = {
			isa = XCConfigurationList;
			buildConfigurations = (
				6B836CF921ECFE3A009DCE4D /* Debug */,
				6B836CFA21ECFE3A009DCE4D /* Release */,
			);
			defaultConfigurationIsVisible = 0;
			defaultConfigurationName = Release;
		};
		6B836CFB21ECFE3A009DCE4D /* Build configuration list for PBXNativeTarget "SearchViewController" */ = {
			isa = XCConfigurationList;
			buildConfigurations = (
				6B836CFC21ECFE3A009DCE4D /* Debug */,
				6B836CFD21ECFE3A009DCE4D /* Release */,
			);
			defaultConfigurationIsVisible = 0;
			defaultConfigurationName = Release;
		};
/* End XCConfigurationList section */
	};
	rootObject = 6B836CE121ECFE39009DCE4D /* Project object */;
}
